
Microsoft Visual Studio Solution File, Format Version 12.00
# Visual Studio 15
VisualStudioVersion = 15.0.27428.2043
MinimumVisualStudioVersion = 10.0.40219.1
Project("{9A19103F-16F7-4668-BE54-9A1E7A4F7556}") = "awkward.api", "awkward.api\awkward.api.csproj", "{50E10279-DD7A-4A68-947B-922499169D5C}"
EndProject
Project("{FAE04EC0-301F-11D3-BF4B-00C04F79EFBC}") = "awkward.ui", "awkward.ui\awkward.ui.csproj", "{EFA9E76C-1FCB-4C8E-83BE-C4B11095146E}"
EndProject
Global
	GlobalSection(SolutionConfigurationPlatforms) = preSolution
		Debug|Any CPU = Debug|Any CPU
		Release|Any CPU = Release|Any CPU
	EndGlobalSection
	GlobalSection(ProjectConfigurationPlatforms) = postSolution
		{50E10279-DD7A-4A68-947B-922499169D5C}.Debug|Any CPU.ActiveCfg = Debug|Any CPU
		{50E10279-DD7A-4A68-947B-922499169D5C}.Debug|Any CPU.Build.0 = Debug|Any CPU
		{50E10279-DD7A-4A68-947B-922499169D5C}.Release|Any CPU.ActiveCfg = Release|Any CPU
		{50E10279-DD7A-4A68-947B-922499169D5C}.Release|Any CPU.Build.0 = Release|Any CPU
		{EFA9E76C-1FCB-4C8E-83BE-C4B11095146E}.Debug|Any CPU.ActiveCfg = Debug|Any CPU
		{EFA9E76C-1FCB-4C8E-83BE-C4B11095146E}.Debug|Any CPU.Build.0 = Debug|Any CPU
		{EFA9E76C-1FCB-4C8E-83BE-C4B11095146E}.Release|Any CPU.ActiveCfg = Release|Any CPU
		{EFA9E76C-1FCB-4C8E-83BE-C4B11095146E}.Release|Any CPU.Build.0 = Release|Any CPU
	EndGlobalSection
	GlobalSection(SolutionProperties) = preSolution
		HideSolutionNode = FALSE
	EndGlobalSection
	GlobalSection(ExtensibilityGlobals) = postSolution
		SolutionGuid = {46B5E43E-BA78-41E4-B1BF-3AFD691C5307}
	EndGlobalSection
EndGlobal
